{
  "version": 4,
  "terraform_version": "0.12.3",
  "serial": 1158,
  "lineage": "57cbba4f-2679-5969-b89b-2e7d8c2e6155",
  "outputs": {
    "dev_base_url": {
      "value": "https://fyja303pfc.execute-api.us-east-2.amazonaws.com/dev",
      "type": "string"
    },
    "prod_base_url": {
      "value": "https://fyja303pfc.execute-api.us-east-2.amazonaws.com/prod",
      "type": "string"
    }
  },
  "resources": [
    {
      "mode": "data",
      "type": "template_file",
      "name": "items",
      "provider": "provider.template",
      "instances": [
        {
          "schema_version": 0,
          "attributes": {
            "filename": null,
            "id": "1e2deb085b185e0bf01232e0d31dc37c82ddfab8e3f36676c3fe68b7b7d05528",
            "rendered": "{\r\n    \"id\": {\"S\": \"1\"},\r\n    \"details\" : { \"M\": {  \"firstName\" : { \"S\" : \"Aneesh\" },  \"lastName\" : { \"S\" : \"N\" }}}\r\n}",
            "template": "{\r\n    \"id\": {\"S\": \"1\"},\r\n    \"details\" : { \"M\": {  \"firstName\" : { \"S\" : \"Aneesh\" },  \"lastName\" : { \"S\" : \"N\" }}}\r\n}",
            "vars": null
          }
        }
      ]
    },
    {
      "mode": "managed",
      "type": "aws_api_gateway_deployment",
      "name": "dev",
      "provider": "provider.aws",
      "instances": [
        {
          "schema_version": 0,
          "attributes": {
            "created_date": "2019-07-15T00:16:12Z",
            "description": "",
            "execution_arn": "arn:aws:execute-api:us-east-2:708646433010:fyja303pfc/dev",
            "id": "ltvk9k",
            "invoke_url": "https://fyja303pfc.execute-api.us-east-2.amazonaws.com/dev",
            "rest_api_id": "fyja303pfc",
            "stage_description": null,
            "stage_name": "dev",
            "variables": null
          },
          "private": "bnVsbA==",
          "depends_on": [
            "aws_api_gateway_integration.id-lambda-api-integration",
            "aws_api_gateway_integration.idno-lambda-api-integration",
            "aws_api_gateway_rest_api.onicaTestAPI"
          ]
        }
      ]
    },
    {
      "mode": "managed",
      "type": "aws_api_gateway_deployment",
      "name": "prod",
      "provider": "provider.aws",
      "instances": [
        {
          "schema_version": 0,
          "attributes": {
            "created_date": "2019-07-15T00:15:00Z",
            "description": "",
            "execution_arn": "arn:aws:execute-api:us-east-2:708646433010:fyja303pfc/prod",
            "id": "bn4ftx",
            "invoke_url": "https://fyja303pfc.execute-api.us-east-2.amazonaws.com/prod",
            "rest_api_id": "fyja303pfc",
            "stage_description": null,
            "stage_name": "prod",
            "variables": null
          },
          "private": "bnVsbA==",
          "depends_on": [
            "aws_api_gateway_integration.id-lambda-api-integration",
            "aws_api_gateway_integration.idno-lambda-api-integration",
            "aws_api_gateway_rest_api.onicaTestAPI"
          ]
        }
      ]
    },
    {
      "mode": "managed",
      "type": "aws_api_gateway_integration",
      "name": "id-lambda-api-integration",
      "provider": "provider.aws",
      "instances": [
        {
          "schema_version": 0,
          "attributes": {
            "cache_key_parameters": [],
            "cache_namespace": "7v6ols",
            "connection_id": "",
            "connection_type": "INTERNET",
            "content_handling": "",
            "credentials": "arn:aws:iam::708646433010:role/LambdaDynamoAPICloudWatch",
            "http_method": "GET",
            "id": "agi-fyja303pfc-7v6ols-GET",
            "integration_http_method": "POST",
            "passthrough_behavior": "WHEN_NO_MATCH",
            "request_parameters": {},
            "request_parameters_in_json": null,
            "request_templates": {},
            "resource_id": "7v6ols",
            "rest_api_id": "fyja303pfc",
            "timeout_milliseconds": 29000,
            "type": "AWS",
            "uri": "arn:aws:apigateway:us-east-2:lambda:path/2015-03-31/functions/arn:aws:lambda:us-east-2:708646433010:function:getIdsFromOnicatest/invocations"
          },
          "private": "bnVsbA==",
          "depends_on": [
            "aws_api_gateway_method.idGetMethod",
            "aws_api_gateway_resource.id-api-resource",
            "aws_api_gateway_rest_api.onicaTestAPI",
            "aws_iam_role.LambdaDynamoAPICloudWatch",
            "aws_lambda_function.getIdsFromOnicatest"
          ]
        }
      ]
    },
    {
      "mode": "managed",
      "type": "aws_api_gateway_integration",
      "name": "idno-lambda-api-integration",
      "provider": "provider.aws",
      "instances": [
        {
          "schema_version": 0,
          "attributes": {
            "cache_key_parameters": [],
            "cache_namespace": "ld5gv5",
            "connection_id": "",
            "connection_type": "INTERNET",
            "content_handling": "",
            "credentials": "arn:aws:iam::708646433010:role/LambdaDynamoAPICloudWatch",
            "http_method": "GET",
            "id": "agi-fyja303pfc-ld5gv5-GET",
            "integration_http_method": "POST",
            "passthrough_behavior": "WHEN_NO_MATCH",
            "request_parameters": {},
            "request_parameters_in_json": null,
            "request_templates": {
              "application/json": "{\r\n    \"idno\":  \"$input.params('idno')\" \r\n}\r\n"
            },
            "resource_id": "ld5gv5",
            "rest_api_id": "fyja303pfc",
            "timeout_milliseconds": 29000,
            "type": "AWS",
            "uri": "arn:aws:apigateway:us-east-2:lambda:path/2015-03-31/functions/arn:aws:lambda:us-east-2:708646433010:function:getIdItemsFromOnicatest/invocations"
          },
          "private": "bnVsbA==",
          "depends_on": [
            "aws_api_gateway_method.idnoGetMethod",
            "aws_api_gateway_resource.idno-api-resource",
            "aws_api_gateway_rest_api.onicaTestAPI",
            "aws_iam_role.LambdaDynamoAPICloudWatch",
            "aws_lambda_function.getIdItemsFromOnicatest"
          ]
        }
      ]
    },
    {
      "mode": "managed",
      "type": "aws_api_gateway_integration_response",
      "name": "id-lambda-api-integration-response",
      "provider": "provider.aws",
      "instances": [
        {
          "schema_version": 0,
          "attributes": {
            "content_handling": "",
            "http_method": "GET",
            "id": "agir-fyja303pfc-7v6ols-GET-200",
            "resource_id": "7v6ols",
            "response_parameters": {},
            "response_parameters_in_json": null,
            "response_templates": {
              "application/json": ""
            },
            "rest_api_id": "fyja303pfc",
            "selection_pattern": "",
            "status_code": "200"
          },
          "private": "bnVsbA==",
          "depends_on": [
            "aws_api_gateway_integration.id-lambda-api-integration",
            "aws_api_gateway_method.idGetMethod",
            "aws_api_gateway_method_response.id-lambda-api-method-response",
            "aws_api_gateway_resource.id-api-resource",
            "aws_api_gateway_rest_api.onicaTestAPI"
          ]
        }
      ]
    },
    {
      "mode": "managed",
      "type": "aws_api_gateway_integration_response",
      "name": "idno-lambda-api-integration-response",
      "provider": "provider.aws",
      "instances": [
        {
          "schema_version": 0,
          "attributes": {
            "content_handling": "",
            "http_method": "GET",
            "id": "agir-fyja303pfc-ld5gv5-GET-200",
            "resource_id": "ld5gv5",
            "response_parameters": {},
            "response_parameters_in_json": null,
            "response_templates": {
              "application/json": ""
            },
            "rest_api_id": "fyja303pfc",
            "selection_pattern": "",
            "status_code": "200"
          },
          "private": "bnVsbA==",
          "depends_on": [
            "aws_api_gateway_integration.idno-lambda-api-integration",
            "aws_api_gateway_method.idnoGetMethod",
            "aws_api_gateway_method_response.idno-lambda-api-method-response",
            "aws_api_gateway_resource.idno-api-resource",
            "aws_api_gateway_rest_api.onicaTestAPI"
          ]
        }
      ]
    },
    {
      "mode": "managed",
      "type": "aws_api_gateway_method",
      "name": "idGetMethod",
      "provider": "provider.aws",
      "instances": [
        {
          "schema_version": 0,
          "attributes": {
            "api_key_required": false,
            "authorization": "NONE",
            "authorization_scopes": [],
            "authorizer_id": "",
            "http_method": "GET",
            "id": "agm-fyja303pfc-7v6ols-GET",
            "request_models": {},
            "request_parameters": {},
            "request_parameters_in_json": null,
            "request_validator_id": "",
            "resource_id": "7v6ols",
            "rest_api_id": "fyja303pfc"
          },
          "private": "bnVsbA==",
          "depends_on": [
            "aws_api_gateway_resource.id-api-resource",
            "aws_api_gateway_rest_api.onicaTestAPI"
          ]
        }
      ]
    },
    {
      "mode": "managed",
      "type": "aws_api_gateway_method",
      "name": "idnoGetMethod",
      "provider": "provider.aws",
      "instances": [
        {
          "schema_version": 0,
          "attributes": {
            "api_key_required": false,
            "authorization": "NONE",
            "authorization_scopes": [],
            "authorizer_id": "",
            "http_method": "GET",
            "id": "agm-fyja303pfc-ld5gv5-GET",
            "request_models": {},
            "request_parameters": {},
            "request_parameters_in_json": null,
            "request_validator_id": "",
            "resource_id": "ld5gv5",
            "rest_api_id": "fyja303pfc"
          },
          "private": "bnVsbA==",
          "depends_on": [
            "aws_api_gateway_resource.idno-api-resource",
            "aws_api_gateway_rest_api.onicaTestAPI"
          ]
        }
      ]
    },
    {
      "mode": "managed",
      "type": "aws_api_gateway_method_response",
      "name": "id-lambda-api-method-response",
      "provider": "provider.aws",
      "instances": [
        {
          "schema_version": 0,
          "attributes": {
            "http_method": "GET",
            "id": "agmr-fyja303pfc-7v6ols-GET-200",
            "resource_id": "7v6ols",
            "response_models": {},
            "response_parameters": {},
            "response_parameters_in_json": null,
            "rest_api_id": "fyja303pfc",
            "status_code": "200"
          },
          "private": "bnVsbA==",
          "depends_on": [
            "aws_api_gateway_method.idGetMethod",
            "aws_api_gateway_resource.id-api-resource",
            "aws_api_gateway_rest_api.onicaTestAPI"
          ]
        }
      ]
    },
    {
      "mode": "managed",
      "type": "aws_api_gateway_method_response",
      "name": "idno-lambda-api-method-response",
      "provider": "provider.aws",
      "instances": [
        {
          "schema_version": 0,
          "attributes": {
            "http_method": "GET",
            "id": "agmr-fyja303pfc-ld5gv5-GET-200",
            "resource_id": "ld5gv5",
            "response_models": {},
            "response_parameters": {},
            "response_parameters_in_json": null,
            "rest_api_id": "fyja303pfc",
            "status_code": "200"
          },
          "private": "bnVsbA==",
          "depends_on": [
            "aws_api_gateway_method.idnoGetMethod",
            "aws_api_gateway_resource.idno-api-resource",
            "aws_api_gateway_rest_api.onicaTestAPI"
          ]
        }
      ]
    },
    {
      "mode": "managed",
      "type": "aws_api_gateway_resource",
      "name": "id-api-resource",
      "provider": "provider.aws",
      "instances": [
        {
          "schema_version": 0,
          "attributes": {
            "id": "7v6ols",
            "parent_id": "5u6snzrj23",
            "path": "/id",
            "path_part": "id",
            "rest_api_id": "fyja303pfc"
          },
          "private": "bnVsbA==",
          "depends_on": [
            "aws_api_gateway_rest_api.onicaTestAPI"
          ]
        }
      ]
    },
    {
      "mode": "managed",
      "type": "aws_api_gateway_resource",
      "name": "idno-api-resource",
      "provider": "provider.aws",
      "instances": [
        {
          "schema_version": 0,
          "attributes": {
            "id": "ld5gv5",
            "parent_id": "7v6ols",
            "path": "/id/{idno}",
            "path_part": "{idno}",
            "rest_api_id": "fyja303pfc"
          },
          "private": "bnVsbA==",
          "depends_on": [
            "aws_api_gateway_resource.id-api-resource",
            "aws_api_gateway_rest_api.onicaTestAPI"
          ]
        }
      ]
    },
    {
      "mode": "managed",
      "type": "aws_api_gateway_rest_api",
      "name": "onicaTestAPI",
      "provider": "provider.aws",
      "instances": [
        {
          "schema_version": 0,
          "attributes": {
            "api_key_source": "HEADER",
            "binary_media_types": [],
            "body": null,
            "created_date": "2019-07-15T00:14:40Z",
            "description": "RESTAPI for dynamodb table onicatest",
            "endpoint_configuration": [
              {
                "types": [
                  "REGIONAL"
                ]
              }
            ],
            "execution_arn": "arn:aws:execute-api:us-east-2:708646433010:fyja303pfc",
            "id": "fyja303pfc",
            "minimum_compression_size": -1,
            "name": "onicaTestAPI",
            "policy": "",
            "root_resource_id": "5u6snzrj23"
          },
          "private": "bnVsbA=="
        }
      ]
    },
    {
      "mode": "managed",
      "type": "aws_dynamodb_table",
      "name": "onica",
      "provider": "provider.aws",
      "instances": [
        {
          "schema_version": 1,
          "attributes": {
            "arn": "arn:aws:dynamodb:us-east-2:708646433010:table/onicatest",
            "attribute": [
              {
                "name": "id",
                "type": "S"
              }
            ],
            "billing_mode": "PROVISIONED",
            "global_secondary_index": [],
            "hash_key": "id",
            "id": "onicatest",
            "local_secondary_index": [],
            "name": "onicatest",
            "point_in_time_recovery": [
              {
                "enabled": false
              }
            ],
            "range_key": null,
            "read_capacity": 5,
            "server_side_encryption": [],
            "stream_arn": "",
            "stream_enabled": false,
            "stream_label": "",
            "stream_view_type": "",
            "tags": {
              "Environment": "production",
              "Name": "dynamodb-table-1"
            },
            "timeouts": null,
            "ttl": [
              {
                "attribute_name": "",
                "enabled": false
              }
            ],
            "write_capacity": 5
          },
          "private": "eyJlMmJmYjczMC1lY2FhLTExZTYtOGY4OC0zNDM2M2JjN2M0YzAiOnsiY3JlYXRlIjo2MDAwMDAwMDAwMDAsImRlbGV0ZSI6NjAwMDAwMDAwMDAwLCJ1cGRhdGUiOjM2MDAwMDAwMDAwMDB9LCJzY2hlbWFfdmVyc2lvbiI6IjEifQ=="
        }
      ]
    },
    {
      "mode": "managed",
      "type": "aws_dynamodb_table_item",
      "name": "init-items",
      "provider": "provider.aws",
      "instances": [
        {
          "schema_version": 0,
          "attributes": {
            "hash_key": "id",
            "id": "onicatest|id||1|",
            "item": "{\r\n    \"id\": {\"S\": \"1\"},\r\n    \"details\" : { \"M\": {  \"firstName\" : { \"S\" : \"Aneesh\" },  \"lastName\" : { \"S\" : \"N\" }}}\r\n}",
            "range_key": null,
            "table_name": "onicatest"
          },
          "private": "bnVsbA==",
          "depends_on": [
            "aws_dynamodb_table.onica",
            "data.template_file.items"
          ]
        }
      ]
    },
    {
      "mode": "managed",
      "type": "aws_iam_role",
      "name": "LambdaDynamoAPICloudWatch",
      "provider": "provider.aws",
      "instances": [
        {
          "schema_version": 0,
          "attributes": {
            "arn": "arn:aws:iam::708646433010:role/LambdaDynamoAPICloudWatch",
            "assume_role_policy": "{\"Version\":\"2012-10-17\",\"Statement\":[{\"Sid\":\"\",\"Effect\":\"Allow\",\"Principal\":{\"Service\":[\"lambda.amazonaws.com\",\"apigateway.amazonaws.com\"]},\"Action\":\"sts:AssumeRole\"}]}",
            "create_date": "2019-07-15T00:14:40Z",
            "description": "Allows Lambda functions to call Dynamodb table and cloudwatch on your behalf",
            "force_detach_policies": false,
            "id": "LambdaDynamoAPICloudWatch",
            "max_session_duration": 3600,
            "name": "LambdaDynamoAPICloudWatch",
            "name_prefix": null,
            "path": "/",
            "permissions_boundary": null,
            "tags": {
              "tag-key": "tag-LambdaDynamoAPICloudWatch"
            },
            "unique_id": "AROA2J7U6ODZKNJRWXXU4"
          },
          "private": "bnVsbA=="
        }
      ]
    },
    {
      "mode": "managed",
      "type": "aws_iam_role_policy",
      "name": "Execute_Lambda",
      "provider": "provider.aws",
      "instances": [
        {
          "schema_version": 0,
          "attributes": {
            "id": "LambdaDynamoAPICloudWatch:Execute_Lambda",
            "name": "Execute_Lambda",
            "name_prefix": null,
            "policy": "{\r\n    \"Version\": \"2012-10-17\",\r\n    \"Statement\": [\r\n        {\r\n            \"Effect\": \"Allow\",\r\n            \"Action\": \"lambda:InvokeFunction\",\r\n            \"Resource\": \"*\"\r\n        }\r\n    ]\r\n}\r\n",
            "role": "LambdaDynamoAPICloudWatch"
          },
          "private": "bnVsbA==",
          "depends_on": [
            "aws_iam_role.LambdaDynamoAPICloudWatch"
          ]
        }
      ]
    },
    {
      "mode": "managed",
      "type": "aws_iam_role_policy",
      "name": "dynamoGetScanQueryItemRole",
      "provider": "provider.aws",
      "instances": [
        {
          "schema_version": 0,
          "attributes": {
            "id": "LambdaDynamoAPICloudWatch:dynamoGetScanQueryItemRole",
            "name": "dynamoGetScanQueryItemRole",
            "name_prefix": null,
            "policy": "{\r\n    \"Version\": \"2012-10-17\",\r\n    \"Statement\": [\r\n        {\r\n            \"Sid\": \"VisualEditor0\",\r\n            \"Effect\": \"Allow\",\r\n            \"Action\": [\r\n                \"dynamodb:PutItem\",\r\n                \"dynamodb:GetItem\",\r\n                \"dynamodb:Scan\",\r\n                \"dynamodb:Query\"\r\n            ],\r\n            \"Resource\": \"arn:aws:dynamodb:us-east-2:708646433010:table/onicatest\"\r\n        }\r\n    ]\r\n}\r\n",
            "role": "LambdaDynamoAPICloudWatch"
          },
          "private": "bnVsbA==",
          "depends_on": [
            "aws_iam_role.LambdaDynamoAPICloudWatch"
          ]
        }
      ]
    },
    {
      "mode": "managed",
      "type": "aws_lambda_function",
      "name": "getIdItemsFromOnicatest",
      "provider": "provider.aws",
      "instances": [
        {
          "schema_version": 0,
          "attributes": {
            "arn": "arn:aws:lambda:us-east-2:708646433010:function:getIdItemsFromOnicatest",
            "dead_letter_config": [],
            "description": "",
            "environment": [
              {
                "variables": {
                  "simple": "API"
                }
              }
            ],
            "filename": "getIdItemsFromOnicatest\\lambda_function.zip",
            "function_name": "getIdItemsFromOnicatest",
            "handler": "lambda_function.lambda_handler",
            "id": "getIdItemsFromOnicatest",
            "invoke_arn": "arn:aws:apigateway:us-east-2:lambda:path/2015-03-31/functions/arn:aws:lambda:us-east-2:708646433010:function:getIdItemsFromOnicatest/invocations",
            "kms_key_arn": "",
            "last_modified": "2019-07-15T00:14:58.800+0000",
            "layers": [],
            "memory_size": 128,
            "publish": false,
            "qualified_arn": "arn:aws:lambda:us-east-2:708646433010:function:getIdItemsFromOnicatest:$LATEST",
            "reserved_concurrent_executions": -1,
            "role": "arn:aws:iam::708646433010:role/LambdaDynamoAPICloudWatch",
            "runtime": "python3.7",
            "s3_bucket": null,
            "s3_key": null,
            "s3_object_version": null,
            "source_code_hash": "h1VBl7hc5iMJj1d+zmMf5w+SoDY0obhpkr5b7U3BzKo=",
            "source_code_size": 426,
            "tags": {},
            "timeout": 3,
            "timeouts": null,
            "tracing_config": [
              {
                "mode": "PassThrough"
              }
            ],
            "version": "$LATEST",
            "vpc_config": []
          },
          "private": "eyJlMmJmYjczMC1lY2FhLTExZTYtOGY4OC0zNDM2M2JjN2M0YzAiOnsiY3JlYXRlIjo2MDAwMDAwMDAwMDB9fQ==",
          "depends_on": [
            "aws_iam_role.LambdaDynamoAPICloudWatch"
          ]
        }
      ]
    },
    {
      "mode": "managed",
      "type": "aws_lambda_function",
      "name": "getIdsFromOnicatest",
      "provider": "provider.aws",
      "instances": [
        {
          "schema_version": 0,
          "attributes": {
            "arn": "arn:aws:lambda:us-east-2:708646433010:function:getIdsFromOnicatest",
            "dead_letter_config": [],
            "description": "",
            "environment": [
              {
                "variables": {
                  "simple": "API"
                }
              }
            ],
            "filename": "getIdsFromOnicatest\\lambda_function.zip",
            "function_name": "getIdsFromOnicatest",
            "handler": "lambda_function.lambda_handler",
            "id": "getIdsFromOnicatest",
            "invoke_arn": "arn:aws:apigateway:us-east-2:lambda:path/2015-03-31/functions/arn:aws:lambda:us-east-2:708646433010:function:getIdsFromOnicatest/invocations",
            "kms_key_arn": "",
            "last_modified": "2019-07-15T00:14:59.612+0000",
            "layers": [],
            "memory_size": 128,
            "publish": false,
            "qualified_arn": "arn:aws:lambda:us-east-2:708646433010:function:getIdsFromOnicatest:$LATEST",
            "reserved_concurrent_executions": -1,
            "role": "arn:aws:iam::708646433010:role/LambdaDynamoAPICloudWatch",
            "runtime": "python3.7",
            "s3_bucket": null,
            "s3_key": null,
            "s3_object_version": null,
            "source_code_hash": "skguLqltEk03Yye+STlSHG4y3oSF4ymtu9ji1e608aA=",
            "source_code_size": 454,
            "tags": {},
            "timeout": 3,
            "timeouts": null,
            "tracing_config": [
              {
                "mode": "PassThrough"
              }
            ],
            "version": "$LATEST",
            "vpc_config": []
          },
          "private": "eyJlMmJmYjczMC1lY2FhLTExZTYtOGY4OC0zNDM2M2JjN2M0YzAiOnsiY3JlYXRlIjo2MDAwMDAwMDAwMDB9fQ==",
          "depends_on": [
            "aws_iam_role.LambdaDynamoAPICloudWatch"
          ]
        }
      ]
    },
    {
      "mode": "managed",
      "type": "aws_lambda_permission",
      "name": "apigw_lambda_id",
      "provider": "provider.aws",
      "instances": [
        {
          "schema_version": 0,
          "attributes": {
            "action": "lambda:InvokeFunction",
            "event_source_token": null,
            "function_name": "getIdsFromOnicatest",
            "id": "AllowExecutionFromAPIGatewayId",
            "principal": "apigateway.amazonaws.com",
            "qualifier": "",
            "source_account": null,
            "source_arn": "arn:aws:execute-api:us-east-2:708646433010:fyja303pfc/*/GET/id",
            "statement_id": "AllowExecutionFromAPIGatewayId",
            "statement_id_prefix": null
          },
          "private": "bnVsbA==",
          "depends_on": [
            "aws_api_gateway_method.idGetMethod",
            "aws_api_gateway_resource.id-api-resource",
            "aws_api_gateway_rest_api.onicaTestAPI",
            "aws_lambda_function.getIdsFromOnicatest"
          ]
        }
      ]
    },
    {
      "mode": "managed",
      "type": "aws_lambda_permission",
      "name": "apigw_lambda_idItems",
      "provider": "provider.aws",
      "instances": [
        {
          "schema_version": 0,
          "attributes": {
            "action": "lambda:InvokeFunction",
            "event_source_token": null,
            "function_name": "getIdItemsFromOnicatest",
            "id": "AllowExecutionFromAPIGatewayIdItems",
            "principal": "apigateway.amazonaws.com",
            "qualifier": "",
            "source_account": null,
            "source_arn": "arn:aws:execute-api:us-east-2:708646433010:fyja303pfc/*/GET/id/{idno}",
            "statement_id": "AllowExecutionFromAPIGatewayIdItems",
            "statement_id_prefix": null
          },
          "private": "bnVsbA==",
          "depends_on": [
            "aws_api_gateway_method.idnoGetMethod",
            "aws_api_gateway_resource.idno-api-resource",
            "aws_api_gateway_rest_api.onicaTestAPI",
            "aws_lambda_function.getIdItemsFromOnicatest"
          ]
        }
      ]
    }
  ]
}
